
Microsoft Visual Studio Solution File, Format Version 12.00
# Visual Studio Version 17
VisualStudioVersion = 17.4.33103.184
MinimumVisualStudioVersion = 10.0.40219.1
Project("{FAE04EC0-301F-11D3-BF4B-00C04F79EFBC}") = "Autocompletar", "Autocompletar\Autocompletar.csproj", "{FBB8806A-74B1-48D4-AC5E-ED3ACCAE22EE}"
EndProject
Global
	GlobalSection(SolutionConfigurationPlatforms) = preSolution
		Debug|Any CPU = Debug|Any CPU
		Release|Any CPU = Release|Any CPU
	EndGlobalSection
	GlobalSection(ProjectConfigurationPlatforms) = postSolution
		{FBB8806A-74B1-48D4-AC5E-ED3ACCAE22EE}.Debug|Any CPU.ActiveCfg = Debug|Any CPU
		{FBB8806A-74B1-48D4-AC5E-ED3ACCAE22EE}.Debug|Any CPU.Build.0 = Debug|Any CPU
		{FBB8806A-74B1-48D4-AC5E-ED3ACCAE22EE}.Release|Any CPU.ActiveCfg = Release|Any CPU
		{FBB8806A-74B1-48D4-AC5E-ED3ACCAE22EE}.Release|Any CPU.Build.0 = Release|Any CPU
	EndGlobalSection
	GlobalSection(SolutionProperties) = preSolution
		HideSolutionNode = FALSE
	EndGlobalSection
	GlobalSection(ExtensibilityGlobals) = postSolution
		SolutionGuid = {15EB1953-1A48-44EA-AF50-28F9F8852F4D}
	EndGlobalSection
EndGlobal
